// !$*UTF8*$!
{
	archiveVersion = 1;
	classes = {
	};
	objectVersion = 50;
	objects = {

/* Begin PBXBuildFile section */
		456943B121C95A75005FD0CB /* LeagueVC.swift in Sources */ = {isa = PBXBuildFile; fileRef = 456943B021C95A75005FD0CB /* LeagueVC.swift */; };
		456943B321C95A7F005FD0CB /* SkillVC.swift in Sources */ = {isa = PBXBuildFile; fileRef = 456943B221C95A7F005FD0CB /* SkillVC.swift */; };
		45A4C7E321C9263C00DEB5BE /* AppDelegate.swift in Sources */ = {isa = PBXBuildFile; fileRef = 45A4C7E221C9263C00DEB5BE /* AppDelegate.swift */; };
		45A4C7E521C9263C00DEB5BE /* WelcomeVC.swift in Sources */ = {isa = PBXBuildFile; fileRef = 45A4C7E421C9263C00DEB5BE /* WelcomeVC.swift */; };
		45A4C7E821C9263C00DEB5BE /* Main.storyboard in Resources */ = {isa = PBXBuildFile; fileRef = 45A4C7E621C9263C00DEB5BE /* Main.storyboard */; };
		45A4C7EB21C9263C00DEB5BE /* app_swoosh.xcdatamodeld in Sources */ = {isa = PBXBuildFile; fileRef = 45A4C7E921C9263C00DEB5BE /* app_swoosh.xcdatamodeld */; };
		45A4C7ED21C9263E00DEB5BE /* Assets.xcassets in Resources */ = {isa = PBXBuildFile; fileRef = 45A4C7EC21C9263E00DEB5BE /* Assets.xcassets */; };
		45A4C7F021C9263E00DEB5BE /* LaunchScreen.storyboard in Resources */ = {isa = PBXBuildFile; fileRef = 45A4C7EE21C9263E00DEB5BE /* LaunchScreen.storyboard */; };
		45A4C7F921C92BA200DEB5BE /* BorderedButton.swift in Sources */ = {isa = PBXBuildFile; fileRef = 45A4C7F821C92BA200DEB5BE /* BorderedButton.swift */; };
/* End PBXBuildFile section */

/* Begin PBXFileReference section */
		456943B021C95A75005FD0CB /* LeagueVC.swift */ = {isa = PBXFileReference; lastKnownFileType = sourcecode.swift; path = LeagueVC.swift; sourceTree = "<group>"; };
		456943B221C95A7F005FD0CB /* SkillVC.swift */ = {isa = PBXFileReference; lastKnownFileType = sourcecode.swift; path = SkillVC.swift; sourceTree = "<group>"; };
		45A4C7DF21C9263C00DEB5BE /* app-swoosh.app */ = {isa = PBXFileReference; explicitFileType = wrapper.application; includeInIndex = 0; path = "app-swoosh.app"; sourceTree = BUILT_PRODUCTS_DIR; };
		45A4C7E221C9263C00DEB5BE /* AppDelegate.swift */ = {isa = PBXFileReference; lastKnownFileType = sourcecode.swift; path = AppDelegate.swift; sourceTree = "<group>"; };
		45A4C7E421C9263C00DEB5BE /* WelcomeVC.swift */ = {isa = PBXFileReference; lastKnownFileType = sourcecode.swift; path = WelcomeVC.swift; sourceTree = "<group>"; };
		45A4C7E721C9263C00DEB5BE /* Base */ = {isa = PBXFileReference; lastKnownFileType = file.storyboard; name = Base; path = Base.lproj/Main.storyboard; sourceTree = "<group>"; };
		45A4C7EA21C9263C00DEB5BE /* app_swoosh.xcdatamodel */ = {isa = PBXFileReference; lastKnownFileType = wrapper.xcdatamodel; path = app_swoosh.xcdatamodel; sourceTree = "<group>"; };
		45A4C7EC21C9263E00DEB5BE /* Assets.xcassets */ = {isa = PBXFileReference; lastKnownFileType = folder.assetcatalog; path = Assets.xcassets; sourceTree = "<group>"; };
		45A4C7EF21C9263E00DEB5BE /* Base */ = {isa = PBXFileReference; lastKnownFileType = file.storyboard; name = Base; path = Base.lproj/LaunchScreen.storyboard; sourceTree = "<group>"; };
		45A4C7F121C9263E00DEB5BE /* Info.plist */ = {isa = PBXFileReference; lastKnownFileType = text.plist.xml; path = Info.plist; sourceTree = "<group>"; };
		45A4C7F821C92BA200DEB5BE /* BorderedButton.swift */ = {isa = PBXFileReference; lastKnownFileType = sourcecode.swift; path = BorderedButton.swift; sourceTree = "<group>"; };
/* End PBXFileReference section */

/* Begin PBXFrameworksBuildPhase section */
		45A4C7DC21C9263C00DEB5BE /* Frameworks */ = {
			isa = PBXFrameworksBuildPhase;
			buildActionMask = 2147483647;
			files = (
			);
			runOnlyForDeploymentPostprocessing = 0;
		};
/* End PBXFrameworksBuildPhase section */

/* Begin PBXGroup section */
		456943AE21C959E1005FD0CB /* Model */ = {
			isa = PBXGroup;
			children = (
			);
			path = Model;
			sourceTree = "<group>";
		};
		456943AF21C959E4005FD0CB /* Controller */ = {
			isa = PBXGroup;
			children = (
				45A4C7E421C9263C00DEB5BE /* WelcomeVC.swift */,
				456943B021C95A75005FD0CB /* LeagueVC.swift */,
				456943B221C95A7F005FD0CB /* SkillVC.swift */,
			);
			name = Controller;
			path = "New Group";
			sourceTree = "<group>";
		};
		45A4C7D621C9263C00DEB5BE = {
			isa = PBXGroup;
			children = (
				45A4C7E121C9263C00DEB5BE /* app-swoosh */,
				45A4C7E021C9263C00DEB5BE /* Products */,
			);
			sourceTree = "<group>";
		};
		45A4C7E021C9263C00DEB5BE /* Products */ = {
			isa = PBXGroup;
			children = (
				45A4C7DF21C9263C00DEB5BE /* app-swoosh.app */,
			);
			name = Products;
			sourceTree = "<group>";
		};
		45A4C7E121C9263C00DEB5BE /* app-swoosh */ = {
			isa = PBXGroup;
			children = (
				45A4C7E221C9263C00DEB5BE /* AppDelegate.swift */,
				456943AE21C959E1005FD0CB /* Model */,
				456943AF21C959E4005FD0CB /* Controller */,
				45A4C7F721C92B7A00DEB5BE /* View */,
				45A4C7E621C9263C00DEB5BE /* Main.storyboard */,
				45A4C7EC21C9263E00DEB5BE /* Assets.xcassets */,
				45A4C7EE21C9263E00DEB5BE /* LaunchScreen.storyboard */,
				45A4C7F121C9263E00DEB5BE /* Info.plist */,
				45A4C7E921C9263C00DEB5BE /* app_swoosh.xcdatamodeld */,
			);
			path = "app-swoosh";
			sourceTree = "<group>";
		};
		45A4C7F721C92B7A00DEB5BE /* View */ = {
			isa = PBXGroup;
			children = (
				45A4C7F821C92BA200DEB5BE /* BorderedButton.swift */,
			);
			path = View;
			sourceTree = "<group>";
		};
/* End PBXGroup section */

/* Begin PBXNativeTarget section */
		45A4C7DE21C9263C00DEB5BE /* app-swoosh */ = {
			isa = PBXNativeTarget;
			buildConfigurationList = 45A4C7F421C9263E00DEB5BE /* Build configuration list for PBXNativeTarget "app-swoosh" */;
			buildPhases = (
				45A4C7DB21C9263C00DEB5BE /* Sources */,
				45A4C7DC21C9263C00DEB5BE /* Frameworks */,
				45A4C7DD21C9263C00DEB5BE /* Resources */,
			);
			buildRules = (
			);
			dependencies = (
			);
			name = "app-swoosh";
			productName = "app-swoosh";
			productReference = 45A4C7DF21C9263C00DEB5BE /* app-swoosh.app */;
			productType = "com.apple.product-type.application";
		};
/* End PBXNativeTarget section */

/* Begin PBXProject section */
		45A4C7D721C9263C00DEB5BE /* Project object */ = {
			isa = PBXProject;
			attributes = {
				LastSwiftUpdateCheck = 1010;
				LastUpgradeCheck = 1010;
				ORGANIZATIONNAME = "Andreas Schultz";
				TargetAttributes = {
					45A4C7DE21C9263C00DEB5BE = {
						CreatedOnToolsVersion = 10.1;
					};
				};
			};
			buildConfigurationList = 45A4C7DA21C9263C00DEB5BE /* Build configuration list for PBXProject "app-swoosh" */;
			compatibilityVersion = "Xcode 9.3";
			developmentRegion = en;
			hasScannedForEncodings = 0;
			knownRegions = (
				en,
				Base,
			);
			mainGroup = 45A4C7D621C9263C00DEB5BE;
			productRefGroup = 45A4C7E021C9263C00DEB5BE /* Products */;
			projectDirPath = "";
			projectRoot = "";
			targets = (
				45A4C7DE21C9263C00DEB5BE /* app-swoosh */,
			);
		};
/* End PBXProject section */

/* Begin PBXResourcesBuildPhase section */
		45A4C7DD21C9263C00DEB5BE /* Resources */ = {
			isa = PBXResourcesBuildPhase;
			buildActionMask = 2147483647;
			files = (
				45A4C7F021C9263E00DEB5BE /* LaunchScreen.storyboard in Resources */,
				45A4C7ED21C9263E00DEB5BE /* Assets.xcassets in Resources */,
				45A4C7E821C9263C00DEB5BE /* Main.storyboard in Resources */,
			);
			runOnlyForDeploymentPostprocessing = 0;
		};
/* End PBXResourcesBuildPhase section */

/* Begin PBXSourcesBuildPhase section */
		45A4C7DB21C9263C00DEB5BE /* Sources */ = {
			isa = PBXSourcesBuildPhase;
			buildActionMask = 2147483647;
			files = (
				456943B121C95A75005FD0CB /* LeagueVC.swift in Sources */,
				45A4C7E521C9263C00DEB5BE /* WelcomeVC.swift in Sources */,
				45A4C7EB21C9263C00DEB5BE /* app_swoosh.xcdatamodeld in Sources */,
				45A4C7F921C92BA200DEB5BE /* BorderedButton.swift in Sources */,
				456943B321C95A7F005FD0CB /* SkillVC.swift in Sources */,
				45A4C7E321C9263C00DEB5BE /* AppDelegate.swift in Sources */,
			);
			runOnlyForDeploymentPostprocessing = 0;
		};
/* End PBXSourcesBuildPhase section */

/* Begin PBXVariantGroup section */
		45A4C7E621C9263C00DEB5BE /* Main.storyboard */ = {
			isa = PBXVariantGroup;
			children = (
				45A4C7E721C9263C00DEB5BE /* Base */,
			);
			name = Main.storyboard;
			sourceTree = "<group>";
		};
		45A4C7EE21C9263E00DEB5BE /* LaunchScreen.storyboard */ = {
			isa = PBXVariantGroup;
			children = (
				45A4C7EF21C9263E00DEB5BE /* Base */,
			);
			name = LaunchScreen.storyboard;
			sourceTree = "<group>";
		};
/* End PBXVariantGroup section */

/* Begin XCBuildConfiguration section */
		45A4C7F221C9263E00DEB5BE /* Debug */ = {
			isa = XCBuildConfiguration;
			buildSettings = {
				ALWAYS_SEARCH_USER_PATHS = NO;
				CLANG_ANALYZER_NONNULL = YES;
				CLANG_ANALYZER_NUMBER_OBJECT_CONVERSION = YES_AGGRESSIVE;
				CLANG_CXX_LANGUAGE_STANDARD = "gnu++14";
				CLANG_CXX_LIBRARY = "libc++";
				CLANG_ENABLE_MODULES = YES;
				CLANG_ENABLE_OBJC_ARC = YES;
				CLANG_ENABLE_OBJC_WEAK = YES;
				CLANG_WARN_BLOCK_CAPTURE_AUTORELEASING = YES;
				CLANG_WARN_BOOL_CONVERSION = YES;
				CLANG_WARN_COMMA = YES;
				CLANG_WARN_CONSTANT_CONVERSION = YES;
				CLANG_WARN_DEPRECATED_OBJC_IMPLEMENTATIONS = YES;
				CLANG_WARN_DIRECT_OBJC_ISA_USAGE = YES_ERROR;
				CLANG_WARN_DOCUMENTATION_COMMENTS = YES;
				CLANG_WARN_EMPTY_BODY = YES;
				CLANG_WARN_ENUM_CONVERSION = YES;
				CLANG_WARN_INFINITE_RECURSION = YES;
				CLANG_WARN_INT_CONVERSION = YES;
				CLANG_WARN_NON_LITERAL_NULL_CONVERSION = YES;
				CLANG_WARN_OBJC_IMPLICIT_RETAIN_SELF = YES;
				CLANG_WARN_OBJC_LITERAL_CONVERSION = YES;
				CLANG_WARN_OBJC_ROOT_CLASS = YES_ERROR;
				CLANG_WARN_RANGE_LOOP_ANALYSIS = YES;
				CLANG_WARN_STRICT_PROTOTYPES = YES;
				CLANG_WARN_SUSPICIOUS_MOVE = YES;
				CLANG_WARN_UNGUARDED_AVAILABILITY = YES_AGGRESSIVE;
				CLANG_WARN_UNREACHABLE_CODE = YES;
				CLANG_WARN__DUPLICATE_METHOD_MATCH = YES;
				CODE_SIGN_IDENTITY = "iPhone Developer";
				COPY_PHASE_STRIP = NO;
				DEBUG_INFORMATION_FORMAT = dwarf;
				ENABLE_STRICT_OBJC_MSGSEND = YES;
				ENABLE_TESTABILITY = YES;
				GCC_C_LANGUAGE_STANDARD = gnu11;
				GCC_DYNAMIC_NO_PIC = NO;
				GCC_NO_COMMON_BLOCKS = YES;
				GCC_OPTIMIZATION_LEVEL = 0;
				GCC_PREPROCESSOR_DEFINITIONS = (
					"DEBUG=1",
					"$(inherited)",
				);
				GCC_WARN_64_TO_32_BIT_CONVERSION = YES;
				GCC_WARN_ABOUT_RETURN_TYPE = YES_ERROR;
				GCC_WARN_UNDECLARED_SELECTOR = YES;
				GCC_WARN_UNINITIALIZED_AUTOS = YES_AGGRESSIVE;
				GCC_WARN_UNUSED_FUNCTION = YES;
				GCC_WARN_UNUSED_VARIABLE = YES;
				IPHONEOS_DEPLOYMENT_TARGET = 12.1;
				MTL_ENABLE_DEBUG_INFO = INCLUDE_SOURCE;
				MTL_FAST_MATH = YES;
				ONLY_ACTIVE_ARCH = YES;
				SDKROOT = iphoneos;
				SWIFT_ACTIVE_COMPILATION_CONDITIONS = DEBUG;
				SWIFT_OPTIMIZATION_LEVEL = "-Onone";
			};
			name = Debug;
		};
		45A4C7F321C9263E00DEB5BE /* Release */ = {
			isa = XCBuildConfiguration;
			buildSettings = {
				ALWAYS_SEARCH_USER_PATHS = NO;
				CLANG_ANALYZER_NONNULL = YES;
				CLANG_ANALYZER_NUMBER_OBJECT_CONVERSION = YES_AGGRESSIVE;
				CLANG_CXX_LANGUAGE_STANDARD = "gnu++14";
				CLANG_CXX_LIBRARY = "libc++";
				CLANG_ENABLE_MODULES = YES;
				CLANG_ENABLE_OBJC_ARC = YES;
				CLANG_ENABLE_OBJC_WEAK = YES;
				CLANG_WARN_BLOCK_CAPTURE_AUTORELEASING = YES;
				CLANG_WARN_BOOL_CONVERSION = YES;
				CLANG_WARN_COMMA = YES;
				CLANG_WARN_CONSTANT_CONVERSION = YES;
				CLANG_WARN_DEPRECATED_OBJC_IMPLEMENTATIONS = YES;
				CLANG_WARN_DIRECT_OBJC_ISA_USAGE = YES_ERROR;
				CLANG_WARN_DOCUMENTATION_COMMENTS = YES;
				CLANG_WARN_EMPTY_BODY = YES;
				CLANG_WARN_ENUM_CONVERSION = YES;
				CLANG_WARN_INFINITE_RECURSION = YES;
				CLANG_WARN_INT_CONVERSION = YES;
				CLANG_WARN_NON_LITERAL_NULL_CONVERSION = YES;
				CLANG_WARN_OBJC_IMPLICIT_RETAIN_SELF = YES;
				CLANG_WARN_OBJC_LITERAL_CONVERSION = YES;
				CLANG_WARN_OBJC_ROOT_CLASS = YES_ERROR;
				CLANG_WARN_RANGE_LOOP_ANALYSIS = YES;
				CLANG_WARN_STRICT_PROTOTYPES = YES;
				CLANG_WARN_SUSPICIOUS_MOVE = YES;
				CLANG_WARN_UNGUARDED_AVAILABILITY = YES_AGGRESSIVE;
				CLANG_WARN_UNREACHABLE_CODE = YES;
				CLANG_WARN__DUPLICATE_METHOD_MATCH = YES;
				CODE_SIGN_IDENTITY = "iPhone Developer";
				COPY_PHASE_STRIP = NO;
				DEBUG_INFORMATION_FORMAT = "dwarf-with-dsym";
				ENABLE_NS_ASSERTIONS = NO;
				ENABLE_STRICT_OBJC_MSGSEND = YES;
				GCC_C_LANGUAGE_STANDARD = gnu11;
				GCC_NO_COMMON_BLOCKS = YES;
				GCC_WARN_64_TO_32_BIT_CONVERSION = YES;
				GCC_WARN_ABOUT_RETURN_TYPE = YES_ERROR;
				GCC_WARN_UNDECLARED_SELECTOR = YES;
				GCC_WARN_UNINITIALIZED_AUTOS = YES_AGGRESSIVE;
				GCC_WARN_UNUSED_FUNCTION = YES;
				GCC_WARN_UNUSED_VARIABLE = YES;
				IPHONEOS_DEPLOYMENT_TARGET = 12.1;
				MTL_ENABLE_DEBUG_INFO = NO;
				MTL_FAST_MATH = YES;
				SDKROOT = iphoneos;
				SWIFT_COMPILATION_MODE = wholemodule;
				SWIFT_OPTIMIZATION_LEVEL = "-O";
				VALIDATE_PRODUCT = YES;
			};
			name = Release;
		};
		45A4C7F521C9263E00DEB5BE /* Debug */ = {
			isa = XCBuildConfiguration;
			buildSettings = {
				ASSETCATALOG_COMPILER_APPICON_NAME = AppIcon;
				CODE_SIGN_STYLE = Automatic;
				DEVELOPMENT_TEAM = Q5Q99Q7248;
				INFOPLIST_FILE = "app-swoosh/Info.plist";
				LD_RUNPATH_SEARCH_PATHS = (
					"$(inherited)",
					"@executable_path/Frameworks",
				);
				PRODUCT_BUNDLE_IDENTIFIER = "AS.app-swoosh";
				PRODUCT_NAME = "$(TARGET_NAME)";
				SWIFT_VERSION = 4.2;
				TARGETED_DEVICE_FAMILY = "1,2";
			};
			name = Debug;
		};
		45A4C7F621C9263E00DEB5BE /* Release */ = {
			isa = XCBuildConfiguration;
			buildSettings = {
				ASSETCATALOG_COMPILER_APPICON_NAME = AppIcon;
				CODE_SIGN_STYLE = Automatic;
				DEVELOPMENT_TEAM = Q5Q99Q7248;
				INFOPLIST_FILE = "app-swoosh/Info.plist";
				LD_RUNPATH_SEARCH_PATHS = (
					"$(inherited)",
					"@executable_path/Frameworks",
				);
				PRODUCT_BUNDLE_IDENTIFIER = "AS.app-swoosh";
				PRODUCT_NAME = "$(TARGET_NAME)";
				SWIFT_VERSION = 4.2;
				TARGETED_DEVICE_FAMILY = "1,2";
			};
			name = Release;
		};
/* End XCBuildConfiguration section */

/* Begin XCConfigurationList section */
		45A4C7DA21C9263C00DEB5BE /* Build configuration list for PBXProject "app-swoosh" */ = {
			isa = XCConfigurationList;
			buildConfigurations = (
				45A4C7F221C9263E00DEB5BE /* Debug */,
				45A4C7F321C9263E00DEB5BE /* Release */,
			);
			defaultConfigurationIsVisible = 0;
			defaultConfigurationName = Release;
		};
		45A4C7F421C9263E00DEB5BE /* Build configuration list for PBXNativeTarget "app-swoosh" */ = {
			isa = XCConfigurationList;
			buildConfigurations = (
				45A4C7F521C9263E00DEB5BE /* Debug */,
				45A4C7F621C9263E00DEB5BE /* Release */,
			);
			defaultConfigurationIsVisible = 0;
			defaultConfigurationName = Release;
		};
/* End XCConfigurationList section */

/* Begin XCVersionGroup section */
		45A4C7E921C9263C00DEB5BE /* app_swoosh.xcdatamodeld */ = {
			isa = XCVersionGroup;
			children = (
				45A4C7EA21C9263C00DEB5BE /* app_swoosh.xcdatamodel */,
			);
			currentVersion = 45A4C7EA21C9263C00DEB5BE /* app_swoosh.xcdatamodel */;
			path = app_swoosh.xcdatamodeld;
			sourceTree = "<group>";
			versionGroupType = wrapper.xcdatamodel;
		};
/* End XCVersionGroup section */
	};
	rootObject = 45A4C7D721C9263C00DEB5BE /* Project object */;
}
